{
  "name": "fruitninja-kiwi",
  "version": "1.0.0",
  "lockfileVersion": 3,
  "requires": true,
  "packages": {
    "": {
      "name": "fruitninja-kiwi",
      "version": "1.0.0",
      "license": "ISC",
      "dependencies": {
        "@atproto/api": "^0.13.16",
        "@skyware/bot": "^0.3.7",
        "@skyware/jetstream": "^0.2.0",
        "dotenv": "^16.4.5",
        "ws": "^8.18.0"
      }
    },
    "node_modules/@atcute/base32": {
      "version": "1.0.1",
      "resolved": "https://registry.npmjs.org/@atcute/base32/-/base32-1.0.1.tgz",
      "integrity": "sha512-oHnrPXDlkLd4283rz5C4KLnL46/D9mjpFgK17iTPU7OooyNSz+elr8kXN9ReZgzgnjWZHIr8Dp2splEm9hjNhg==",
      "optional": true
    },
    "node_modules/@atcute/bluesky": {
      "version": "1.0.8",
      "resolved": "https://registry.npmjs.org/@atcute/bluesky/-/bluesky-1.0.8.tgz",
      "integrity": "sha512-XqAZHYh65ZyBBT5rRkEhP656THYaY6CE+EY0AZXkIDaXJNdIl9KINZW5dnSrVWifspJbM+gUw1QFlCv8Yrx01g==",
      "peerDependencies": {
        "@atcute/client": "^1.0.0 || ^2.0.0"
      }
    },
    "node_modules/@atcute/bluesky-richtext-builder": {
      "version": "1.0.2",
      "resolved": "https://registry.npmjs.org/@atcute/bluesky-richtext-builder/-/bluesky-richtext-builder-1.0.2.tgz",
      "integrity": "sha512-sa+9B5Ygb1GcWeMpav9RVBRdFLL5snZEoFFF2RkTaNr61m/cLd5lk97QJs+t9LXUEl5cfHS3jXujywFrGXZj9w==",
      "peerDependencies": {
        "@atcute/bluesky": "^1.0.0",
        "@atcute/client": "^1.0.0 || ^2.0.0"
      }
    },
    "node_modules/@atcute/car": {
      "version": "1.1.1",
      "resolved": "https://registry.npmjs.org/@atcute/car/-/car-1.1.1.tgz",
      "integrity": "sha512-j6HY//ttIFCbOioDlEowKn2WOGeNavJenZkAP+wWIhsbRlK+V4+TpnJ38IX/VYfMpQHrKweh3W94wRCYp6L5Zg==",
      "optional": true,
      "dependencies": {
        "@atcute/cbor": "^1.0.6",
        "@atcute/cid": "^1.0.2",
        "@atcute/varint": "^1.0.1"
      }
    },
    "node_modules/@atcute/cbor": {
      "version": "1.0.6",
      "resolved": "https://registry.npmjs.org/@atcute/cbor/-/cbor-1.0.6.tgz",
      "integrity": "sha512-ONqrK37COOTkp92gzmxI5a3per9DLPJf60SSlK3Z9vIps7sYEnTq+mL5PLYzbP8l+/V3GVdzpULLphj37eNuXg==",
      "optional": true,
      "dependencies": {
        "@atcute/base32": "^1.0.1",
        "@atcute/cid": "^1.0.2"
      }
    },
    "node_modules/@atcute/cid": {
      "version": "1.0.2",
      "resolved": "https://registry.npmjs.org/@atcute/cid/-/cid-1.0.2.tgz",
      "integrity": "sha512-aRtt4/5pHCpKVvqtuvxWC8Koet9A7mT8t3fWspOJSj6lcP2QyKKpSUx3z0jSZ+M1Kf2UZ25eo6btcM5zmmhK3g==",
      "optional": true,
      "dependencies": {
        "@atcute/base32": "^1.0.1",
        "@atcute/varint": "^1.0.1"
      }
    },
    "node_modules/@atcute/client": {
      "version": "2.0.4",
      "resolved": "https://registry.npmjs.org/@atcute/client/-/client-2.0.4.tgz",
      "integrity": "sha512-bKA6KEOmrdhU2CDRNp13M4WyKN0EdrVLKJffzPo62ANSTMacz5hRJhmvQYwuo7BZSGIoDql4sH+QR6Xbk3DERg=="
    },
    "node_modules/@atcute/ozone": {
      "version": "1.0.6",
      "resolved": "https://registry.npmjs.org/@atcute/ozone/-/ozone-1.0.6.tgz",
      "integrity": "sha512-V5bGPGH1CZ3RqTIfX2msg5DgzijhIRCccgL93MAeoG7Qg0vaPS26eXAvqztVwWt/fB4w+Wvk1V6fMiintpHtQw==",
      "peerDependencies": {
        "@atcute/bluesky": "^1.0.0",
        "@atcute/client": "^1.0.0 || ^2.0.0"
      }
    },
    "node_modules/@atcute/varint": {
      "version": "1.0.1",
      "resolved": "https://registry.npmjs.org/@atcute/varint/-/varint-1.0.1.tgz",
      "integrity": "sha512-GXWu+CIfpQGSMSOSUskjwU/licxH8WcyX4t11mRKafQIE4Yi3v5GuchMYVOu89YX15tY93QzY/0zMQDCWoke8Q==",
      "optional": true
    },
    "node_modules/@atproto/api": {
      "version": "0.13.16",
      "resolved": "https://registry.npmjs.org/@atproto/api/-/api-0.13.16.tgz",
      "integrity": "sha512-fWWPifh7DTiKs7v2n/trZSeqvHMQckJACbA0KjZuLksgAaQWJCO+X9rsegrAUmE2aPenvLLnK2NaPaYnj5WJBw==",
      "dependencies": {
        "@atproto/common-web": "^0.3.1",
        "@atproto/lexicon": "^0.4.3",
        "@atproto/syntax": "^0.3.1",
        "@atproto/xrpc": "^0.6.4",
        "await-lock": "^2.2.2",
        "multiformats": "^9.9.0",
        "tlds": "^1.234.0",
        "zod": "^3.23.8"
      }
    },
    "node_modules/@atproto/common-web": {
      "version": "0.3.1",
      "resolved": "https://registry.npmjs.org/@atproto/common-web/-/common-web-0.3.1.tgz",
      "integrity": "sha512-N7wiTnus5vAr+lT//0y8m/FaHHLJ9LpGuEwkwDAeV3LCiPif4m/FS8x/QOYrx1PdZQwKso95RAPzCGWQBH5j6Q==",
      "dependencies": {
        "graphemer": "^1.4.0",
        "multiformats": "^9.9.0",
        "uint8arrays": "3.0.0",
        "zod": "^3.23.8"
      }
    },
    "node_modules/@atproto/lexicon": {
      "version": "0.4.3",
      "resolved": "https://registry.npmjs.org/@atproto/lexicon/-/lexicon-0.4.3.tgz",
      "integrity": "sha512-lFVZXe1S1pJP0dcxvJuHP3r/a+EAIBwwU7jUK+r8iLhIja+ml6NmYv8KeFHmIJATh03spEQ9s02duDmFVdCoXg==",
      "dependencies": {
        "@atproto/common-web": "^0.3.1",
        "@atproto/syntax": "^0.3.1",
        "iso-datestring-validator": "^2.2.2",
        "multiformats": "^9.9.0",
        "zod": "^3.23.8"
      }
    },
    "node_modules/@atproto/syntax": {
      "version": "0.3.1",
      "resolved": "https://registry.npmjs.org/@atproto/syntax/-/syntax-0.3.1.tgz",
      "integrity": "sha512-fzW0Mg1QUOVCWUD3RgEsDt6d1OZ6DdFmbKcDdbzUfh0t4rhtRAC05KbZYmxuMPWDAiJ4BbbQ5dkAc/mNypMXkw=="
    },
    "node_modules/@atproto/xrpc": {
      "version": "0.6.4",
      "resolved": "https://registry.npmjs.org/@atproto/xrpc/-/xrpc-0.6.4.tgz",
      "integrity": "sha512-9ZAJ8nsXTqC4XFyS0E1Wlg7bAvonhXQNQ3Ocs1L1LIwFLXvsw/4fNpIHXxvXvqTCVeyHLbImOnE9UiO1c/qIYA==",
      "dependencies": {
        "@atproto/lexicon": "^0.4.3",
        "zod": "^3.23.8"
      }
    },
    "node_modules/@skyware/bot": {
      "version": "0.3.7",
      "resolved": "https://registry.npmjs.org/@skyware/bot/-/bot-0.3.7.tgz",
      "integrity": "sha512-27k7r4/YA+h8FobXokMa3iv8fm/850a7NmajOHP3/CaMbCYicXXBDnAIY4kIPP58Zl/A/JvdcFLpQBpfFkiQHQ==",
      "dependencies": {
        "@atcute/bluesky": "^1.0.7",
        "@atcute/bluesky-richtext-builder": "^1.0.1",
        "@atcute/client": "^2.0.3",
        "@atcute/ozone": "^1.0.5",
        "quick-lru": "^7.0.0",
        "rate-limit-threshold": "^0.1.5"
      },
      "optionalDependencies": {
        "@skyware/firehose": "^0.3.2",
        "@skyware/jetstream": "^0.1.9"
      }
    },
    "node_modules/@skyware/bot/node_modules/@skyware/jetstream": {
      "version": "0.1.9",
      "resolved": "https://registry.npmjs.org/@skyware/jetstream/-/jetstream-0.1.9.tgz",
      "integrity": "sha512-87NGqRSmEYmvEuVY0DKZ2ZRbL72tExtDuV+PDvywYqukSp3F/it+9wnU5Xb/Is/pf+KSbd6lWvrnE31HgxJpJg==",
      "optional": true,
      "dependencies": {
        "@atcute/bluesky": "^1.0.6",
        "partysocket": "^1.0.2"
      }
    },
    "node_modules/@skyware/firehose": {
      "version": "0.3.2",
      "resolved": "https://registry.npmjs.org/@skyware/firehose/-/firehose-0.3.2.tgz",
      "integrity": "sha512-CmRaw3lFPEd9euFGV+K/n/TF/o0Rre87oJP5pswC8IExj/qQnWVoncIulAJbL3keUCm5mlt49jCiiqfQXVjigg==",
      "optional": true,
      "dependencies": {
        "@atcute/car": "^1.1.0",
        "@atcute/cbor": "^1.0.3",
        "ws": "^8.16.0"
      }
    },
    "node_modules/@skyware/jetstream": {
      "version": "0.2.0",
      "resolved": "https://registry.npmjs.org/@skyware/jetstream/-/jetstream-0.2.0.tgz",
      "integrity": "sha512-nydEVe47fc3Cn9yLjk0Tos05pB4PYVOXno8RKlf0QguJUF48ASKx9xA4jUHqEI1dk2oHuHWoXpo9ic+RIgk6yw==",
      "dependencies": {
        "@atcute/bluesky": "^1.0.6",
        "partysocket": "^1.0.2"
      }
    },
    "node_modules/await-lock": {
      "version": "2.2.2",
      "resolved": "https://registry.npmjs.org/await-lock/-/await-lock-2.2.2.tgz",
      "integrity": "sha512-aDczADvlvTGajTDjcjpJMqRkOF6Qdz3YbPZm/PyW6tKPkx2hlYBzxMhEywM/tU72HrVZjgl5VCdRuMlA7pZ8Gw=="
    },
    "node_modules/dotenv": {
      "version": "16.4.5",
      "resolved": "https://registry.npmjs.org/dotenv/-/dotenv-16.4.5.tgz",
      "integrity": "sha512-ZmdL2rui+eB2YwhsWzjInR8LldtZHGDoQ1ugH85ppHKwpUHL7j7rN0Ti9NCnGiQbhaZ11FpR+7ao1dNsmduNUg==",
      "engines": {
        "node": ">=12"
      },
      "funding": {
        "url": "https://dotenvx.com"
      }
    },
    "node_modules/event-target-shim": {
      "version": "6.0.2",
      "resolved": "https://registry.npmjs.org/event-target-shim/-/event-target-shim-6.0.2.tgz",
      "integrity": "sha512-8q3LsZjRezbFZ2PN+uP+Q7pnHUMmAOziU2vA2OwoFaKIXxlxl38IylhSSgUorWu/rf4er67w0ikBqjBFk/pomA==",
      "engines": {
        "node": ">=10.13.0"
      },
      "funding": {
        "url": "https://github.com/sponsors/mysticatea"
      }
    },
    "node_modules/graphemer": {
      "version": "1.4.0",
      "resolved": "https://registry.npmjs.org/graphemer/-/graphemer-1.4.0.tgz",
      "integrity": "sha512-EtKwoO6kxCL9WO5xipiHTZlSzBm7WLT627TqC/uVRd0HKmq8NXyebnNYxDoBi7wt8eTWrUrKXCOVaFq9x1kgag=="
    },
    "node_modules/iso-datestring-validator": {
      "version": "2.2.2",
      "resolved": "https://registry.npmjs.org/iso-datestring-validator/-/iso-datestring-validator-2.2.2.tgz",
      "integrity": "sha512-yLEMkBbLZTlVQqOnQ4FiMujR6T4DEcCb1xizmvXS+OxuhwcbtynoosRzdMA69zZCShCNAbi+gJ71FxZBBXx1SA=="
    },
    "node_modules/multiformats": {
      "version": "9.9.0",
      "resolved": "https://registry.npmjs.org/multiformats/-/multiformats-9.9.0.tgz",
      "integrity": "sha512-HoMUjhH9T8DDBNT+6xzkrd9ga/XiBI4xLr58LJACwK6G3HTOPeMz4nB4KJs33L2BelrIJa7P0VuNaVF3hMYfjg=="
    },
    "node_modules/partysocket": {
      "version": "1.0.2",
      "resolved": "https://registry.npmjs.org/partysocket/-/partysocket-1.0.2.tgz",
      "integrity": "sha512-rAFOUKImaq+VBk2B+2RTBsWEvlnarEP53nchoUHzpVs8V6fG2/estihOTslTQUWHVuHEKDL5k8htG8K3TngyFA==",
      "dependencies": {
        "event-target-shim": "^6.0.2"
      }
    },
    "node_modules/quick-lru": {
      "version": "7.0.0",
      "resolved": "https://registry.npmjs.org/quick-lru/-/quick-lru-7.0.0.tgz",
      "integrity": "sha512-MX8gB7cVYTrYcFfAnfLlhRd0+Toyl8yX8uBx1MrX7K0jegiz9TumwOK27ldXrgDlHRdVi+MqU9Ssw6dr4BNreg==",
      "engines": {
        "node": ">=18"
      },
      "funding": {
        "url": "https://github.com/sponsors/sindresorhus"
      }
    },
    "node_modules/rate-limit-threshold": {
      "version": "0.1.5",
      "resolved": "https://registry.npmjs.org/rate-limit-threshold/-/rate-limit-threshold-0.1.5.tgz",
      "integrity": "sha512-75vpvXC/ZqQJrFDp0dVtfoXZi8kxQP2eBuxVYFvGDfnHhcgE+ZG870u4ItQhWQh54Y6nNwOaaq5g3AL9n27lTg==",
      "engines": {
        "node": "^14.13.1 || >=16.0.0"
      }
    },
    "node_modules/tlds": {
      "version": "1.255.0",
      "resolved": "https://registry.npmjs.org/tlds/-/tlds-1.255.0.tgz",
      "integrity": "sha512-tcwMRIioTcF/FcxLev8MJWxCp+GUALRhFEqbDoZrnowmKSGqPrl5pqS+Sut2m8BgJ6S4FExCSSpGffZ0Tks6Aw==",
      "bin": {
        "tlds": "bin.js"
      }
    },
    "node_modules/uint8arrays": {
      "version": "3.0.0",
      "resolved": "https://registry.npmjs.org/uint8arrays/-/uint8arrays-3.0.0.tgz",
      "integrity": "sha512-HRCx0q6O9Bfbp+HHSfQQKD7wU70+lydKVt4EghkdOvlK/NlrF90z+eXV34mUd48rNvVJXwkrMSPpCATkct8fJA==",
      "dependencies": {
        "multiformats": "^9.4.2"
      }
    },
    "node_modules/ws": {
      "version": "8.18.0",
      "resolved": "https://registry.npmjs.org/ws/-/ws-8.18.0.tgz",
      "integrity": "sha512-8VbfWfHLbbwu3+N6OKsOMpBdT4kXPDDB9cJk2bJ6mh9ucxdlnNvH1e+roYkKmN9Nxw2yjz7VzeO9oOz2zJ04Pw==",
      "engines": {
        "node": ">=10.0.0"
      },
      "peerDependencies": {
        "bufferutil": "^4.0.1",
        "utf-8-validate": ">=5.0.2"
      },
      "peerDependenciesMeta": {
        "bufferutil": {
          "optional": true
        },
        "utf-8-validate": {
          "optional": true
        }
      }
    },
    "node_modules/zod": {
      "version": "3.23.8",
      "resolved": "https://registry.npmjs.org/zod/-/zod-3.23.8.tgz",
      "integrity": "sha512-XBx9AXhXktjUqnepgTiE5flcKIYWi/rme0Eaj+5Y0lftuGBq+jyRu/md4WnuxqgP1ubdpNCsYEYPxrzVHD8d6g==",
      "funding": {
        "url": "https://github.com/sponsors/colinhacks"
      }
    }
  }
}
